
Microsoft Visual Studio Solution File, Format Version 12.00
# Visual Studio 15
VisualStudioVersion = 15.0.27428.2043
MinimumVisualStudioVersion = 10.0.40219.1
Project("{9A19103F-16F7-4668-BE54-9A1E7A4F7556}") = "SilentCreekRoleplay.Server", "SilentCreekRoleplay\SilentCreekRoleplay.Server.csproj", "{2DE39767-A2D8-42E1-BA9A-36712CFF8E22}"
EndProject
Project("{9A19103F-16F7-4668-BE54-9A1E7A4F7556}") = "SilentCreekRoleplay.DataLayer", "DataLayer\SilentCreekRoleplay.DataLayer.csproj", "{305A8C1C-0BF3-4E0B-901C-1811675EE492}"
EndProject
Global
	GlobalSection(SolutionConfigurationPlatforms) = preSolution
		Debug|Any CPU = Debug|Any CPU
		Release|Any CPU = Release|Any CPU
	EndGlobalSection
	GlobalSection(ProjectConfigurationPlatforms) = postSolution
		{2DE39767-A2D8-42E1-BA9A-36712CFF8E22}.Debug|Any CPU.ActiveCfg = Debug|Any CPU
		{2DE39767-A2D8-42E1-BA9A-36712CFF8E22}.Debug|Any CPU.Build.0 = Debug|Any CPU
		{2DE39767-A2D8-42E1-BA9A-36712CFF8E22}.Release|Any CPU.ActiveCfg = Release|Any CPU
		{2DE39767-A2D8-42E1-BA9A-36712CFF8E22}.Release|Any CPU.Build.0 = Release|Any CPU
		{305A8C1C-0BF3-4E0B-901C-1811675EE492}.Debug|Any CPU.ActiveCfg = Debug|Any CPU
		{305A8C1C-0BF3-4E0B-901C-1811675EE492}.Debug|Any CPU.Build.0 = Debug|Any CPU
		{305A8C1C-0BF3-4E0B-901C-1811675EE492}.Release|Any CPU.ActiveCfg = Release|Any CPU
		{305A8C1C-0BF3-4E0B-901C-1811675EE492}.Release|Any CPU.Build.0 = Release|Any CPU
	EndGlobalSection
	GlobalSection(SolutionProperties) = preSolution
		HideSolutionNode = FALSE
	EndGlobalSection
	GlobalSection(ExtensibilityGlobals) = postSolution
		SolutionGuid = {05581279-B7BF-40F0-AF28-EDC5B18128B8}
	EndGlobalSection
EndGlobal
